
Microsoft Visual Studio Solution File, Format Version 12.00
# Visual Studio Version 17
VisualStudioVersion = 17.14.36127.28 d17.14
MinimumVisualStudioVersion = 10.0.40219.1
Project("{FAE04EC0-301F-11D3-BF4B-00C04F79EFBC}") = "Git Project", "Git Project\Git Project.csproj", "{2BA9714B-D3AF-499C-B83A-38304BE164E7}"
EndProject
Global
	GlobalSection(SolutionConfigurationPlatforms) = preSolution
		Debug|Any CPU = Debug|Any CPU
		Release|Any CPU = Release|Any CPU
	EndGlobalSection
	GlobalSection(ProjectConfigurationPlatforms) = postSolution
		{2BA9714B-D3AF-499C-B83A-38304BE164E7}.Debug|Any CPU.ActiveCfg = Debug|Any CPU
		{2BA9714B-D3AF-499C-B83A-38304BE164E7}.Debug|Any CPU.Build.0 = Debug|Any CPU
		{2BA9714B-D3AF-499C-B83A-38304BE164E7}.Release|Any CPU.ActiveCfg = Release|Any CPU
		{2BA9714B-D3AF-499C-B83A-38304BE164E7}.Release|Any CPU.Build.0 = Release|Any CPU
	EndGlobalSection
	GlobalSection(SolutionProperties) = preSolution
		HideSolutionNode = FALSE
	EndGlobalSection
	GlobalSection(ExtensibilityGlobals) = postSolution
		SolutionGuid = {2D8948EE-95FB-4F13-811D-4A4C544417DC}
	EndGlobalSection
EndGlobal
